
Microsoft Visual Studio Solution File, Format Version 12.00
# Visual Studio Version 17
VisualStudioVersion = 17.9.34622.214
MinimumVisualStudioVersion = 10.0.40219.1
Project("{FAE04EC0-301F-11D3-BF4B-00C04F79EFBC}") = "Server", "Server\Server.csproj", "{73CC6C6C-8149-4C0F-A159-659F1A666790}"
EndProject
Project("{FAE04EC0-301F-11D3-BF4B-00C04F79EFBC}") = "Client", "Client\Client.csproj", "{E4FB716D-04B3-4B51-A277-1166D0A87DAE}"
EndProject
Project("{FAE04EC0-301F-11D3-BF4B-00C04F79EFBC}") = "BaseLibrary", "BaseLibrary\BaseLibrary.csproj", "{27CC53F1-0B41-4202-9648-91D9A0830F80}"
EndProject
Project("{FAE04EC0-301F-11D3-BF4B-00C04F79EFBC}") = "ClientLibrary", "ClientLibrary\ClientLibrary.csproj", "{5691673B-5092-4723-BC92-5CF1E4CD4476}"
EndProject
Project("{FAE04EC0-301F-11D3-BF4B-00C04F79EFBC}") = "ServerLibrary", "ServerLibrary\ServerLibrary.csproj", "{E97B0A99-C456-4504-9CFF-CD1ECF505153}"
EndProject
Global
	GlobalSection(SolutionConfigurationPlatforms) = preSolution
		Debug|Any CPU = Debug|Any CPU
		Release|Any CPU = Release|Any CPU
	EndGlobalSection
	GlobalSection(ProjectConfigurationPlatforms) = postSolution
		{73CC6C6C-8149-4C0F-A159-659F1A666790}.Debug|Any CPU.ActiveCfg = Debug|Any CPU
		{73CC6C6C-8149-4C0F-A159-659F1A666790}.Debug|Any CPU.Build.0 = Debug|Any CPU
		{73CC6C6C-8149-4C0F-A159-659F1A666790}.Release|Any CPU.ActiveCfg = Release|Any CPU
		{73CC6C6C-8149-4C0F-A159-659F1A666790}.Release|Any CPU.Build.0 = Release|Any CPU
		{E4FB716D-04B3-4B51-A277-1166D0A87DAE}.Debug|Any CPU.ActiveCfg = Debug|Any CPU
		{E4FB716D-04B3-4B51-A277-1166D0A87DAE}.Debug|Any CPU.Build.0 = Debug|Any CPU
		{E4FB716D-04B3-4B51-A277-1166D0A87DAE}.Release|Any CPU.ActiveCfg = Release|Any CPU
		{E4FB716D-04B3-4B51-A277-1166D0A87DAE}.Release|Any CPU.Build.0 = Release|Any CPU
		{27CC53F1-0B41-4202-9648-91D9A0830F80}.Debug|Any CPU.ActiveCfg = Debug|Any CPU
		{27CC53F1-0B41-4202-9648-91D9A0830F80}.Debug|Any CPU.Build.0 = Debug|Any CPU
		{27CC53F1-0B41-4202-9648-91D9A0830F80}.Release|Any CPU.ActiveCfg = Release|Any CPU
		{27CC53F1-0B41-4202-9648-91D9A0830F80}.Release|Any CPU.Build.0 = Release|Any CPU
		{5691673B-5092-4723-BC92-5CF1E4CD4476}.Debug|Any CPU.ActiveCfg = Debug|Any CPU
		{5691673B-5092-4723-BC92-5CF1E4CD4476}.Debug|Any CPU.Build.0 = Debug|Any CPU
		{5691673B-5092-4723-BC92-5CF1E4CD4476}.Release|Any CPU.ActiveCfg = Release|Any CPU
		{5691673B-5092-4723-BC92-5CF1E4CD4476}.Release|Any CPU.Build.0 = Release|Any CPU
		{E97B0A99-C456-4504-9CFF-CD1ECF505153}.Debug|Any CPU.ActiveCfg = Debug|Any CPU
		{E97B0A99-C456-4504-9CFF-CD1ECF505153}.Debug|Any CPU.Build.0 = Debug|Any CPU
		{E97B0A99-C456-4504-9CFF-CD1ECF505153}.Release|Any CPU.ActiveCfg = Release|Any CPU
		{E97B0A99-C456-4504-9CFF-CD1ECF505153}.Release|Any CPU.Build.0 = Release|Any CPU
	EndGlobalSection
	GlobalSection(SolutionProperties) = preSolution
		HideSolutionNode = FALSE
	EndGlobalSection
	GlobalSection(ExtensibilityGlobals) = postSolution
		SolutionGuid = {2485A924-2D2A-4C41-8A82-3BC655C4EDDB}
	EndGlobalSection
EndGlobal
